
Microsoft Visual Studio Solution File, Format Version 12.00
# Visual Studio Version 17
VisualStudioVersion = 17.0.32002.185
MinimumVisualStudioVersion = 10.0.40219.1
Project("{D954291E-2A0B-460D-934E-DC6B0785DB48}") = "UnoTextBoxMaxWidth.Shared", "UnoTextBoxMaxWidth\UnoTextBoxMaxWidth.Shared\UnoTextBoxMaxWidth.Shared.shproj", "{6279C845-92F8-4333-AB99-3D213163593C}"
EndProject
Project("{2150E333-8FDC-42A3-9474-1A3956D46DE8}") = "Platforms", "Platforms", "{1138D111-99CE-4DF2-8D65-E7135D9C8CD2}"
EndProject
Project("{FAE04EC0-301F-11D3-BF4B-00C04F79EFBC}") = "UnoTextBoxMaxWidth.Droid", "UnoTextBoxMaxWidth\UnoTextBoxMaxWidth.Droid\UnoTextBoxMaxWidth.Droid.csproj", "{275CAA0F-DEE9-48F9-AE5E-E4F274ED744C}"
EndProject
Project("{FAE04EC0-301F-11D3-BF4B-00C04F79EFBC}") = "UnoTextBoxMaxWidth.iOS", "UnoTextBoxMaxWidth\UnoTextBoxMaxWidth.iOS\UnoTextBoxMaxWidth.iOS.csproj", "{96314979-305B-4643-9DE9-157F1B0C0697}"
EndProject
Project("{FAE04EC0-301F-11D3-BF4B-00C04F79EFBC}") = "UnoTextBoxMaxWidth.UWP", "UnoTextBoxMaxWidth\UnoTextBoxMaxWidth.UWP\UnoTextBoxMaxWidth.UWP.csproj", "{71AF9BF6-7CDE-4FF5-BF7F-3D3AA267C322}"
EndProject
Project("{FAE04EC0-301F-11D3-BF4B-00C04F79EFBC}") = "UnoTextBoxMaxWidth.Wasm", "UnoTextBoxMaxWidth\UnoTextBoxMaxWidth.Wasm\UnoTextBoxMaxWidth.Wasm.csproj", "{0941E58C-2CBA-4C14-B29C-3133A66DE761}"
EndProject
Project("{FAE04EC0-301F-11D3-BF4B-00C04F79EFBC}") = "UnoTextBoxMaxWidth.macOS", "UnoTextBoxMaxWidth\UnoTextBoxMaxWidth.macOS\UnoTextBoxMaxWidth.macOS.csproj", "{93F6B308-CEEF-40AA-A11A-714BED591715}"
EndProject
Project("{FAE04EC0-301F-11D3-BF4B-00C04F79EFBC}") = "UnoTextBoxMaxWidth.Skia.Wpf.Host", "UnoTextBoxMaxWidth\UnoTextBoxMaxWidth.Skia.Wpf.Host\UnoTextBoxMaxWidth.Skia.Wpf.Host.csproj", "{CD001463-D673-4100-BA50-6D24D6A042E3}"
EndProject
Project("{FAE04EC0-301F-11D3-BF4B-00C04F79EFBC}") = "UnoTextBoxMaxWidth.Skia.Wpf", "UnoTextBoxMaxWidth\UnoTextBoxMaxWidth.Skia.Wpf\UnoTextBoxMaxWidth.Skia.Wpf.csproj", "{91312ECD-E6C2-4A18-BD0D-40BE6C0D794A}"
EndProject
Project("{FAE04EC0-301F-11D3-BF4B-00C04F79EFBC}") = "UnoTextBoxMaxWidth.Skia.Gtk", "UnoTextBoxMaxWidth\UnoTextBoxMaxWidth.Skia.Gtk\UnoTextBoxMaxWidth.Skia.Gtk.csproj", "{3D9B4482-A9DC-4D37-9413-35F912177980}"
EndProject
Project("{FAE04EC0-301F-11D3-BF4B-00C04F79EFBC}") = "UnoTextBoxMaxWidth.Skia.Tizen", "UnoTextBoxMaxWidth\UnoTextBoxMaxWidth.Skia.Tizen\UnoTextBoxMaxWidth.Skia.Tizen.csproj", "{41EEE162-337F-4446-8E7A-5F76BE54F667}"
EndProject
Global
	GlobalSection(SharedMSBuildProjectFiles) = preSolution
		UnoTextBoxMaxWidth\UnoTextBoxMaxWidth.Shared\UnoTextBoxMaxWidth.Shared.projitems*{0941e58c-2cba-4c14-b29c-3133a66de761}*SharedItemsImports = 5
		UnoTextBoxMaxWidth\UnoTextBoxMaxWidth.Shared\UnoTextBoxMaxWidth.Shared.projitems*{275caa0f-dee9-48f9-ae5e-e4f274ed744c}*SharedItemsImports = 4
		UnoTextBoxMaxWidth\UnoTextBoxMaxWidth.Shared\UnoTextBoxMaxWidth.Shared.projitems*{3d9b4482-a9dc-4d37-9413-35f912177980}*SharedItemsImports = 5
		UnoTextBoxMaxWidth\UnoTextBoxMaxWidth.Shared\UnoTextBoxMaxWidth.Shared.projitems*{41eee162-337f-4446-8e7a-5f76be54f667}*SharedItemsImports = 5
		UnoTextBoxMaxWidth\UnoTextBoxMaxWidth.Shared\UnoTextBoxMaxWidth.Shared.projitems*{6279c845-92f8-4333-ab99-3d213163593c}*SharedItemsImports = 13
		UnoTextBoxMaxWidth\UnoTextBoxMaxWidth.Shared\UnoTextBoxMaxWidth.Shared.projitems*{71af9bf6-7cde-4ff5-bf7f-3d3aa267c322}*SharedItemsImports = 4
		UnoTextBoxMaxWidth\UnoTextBoxMaxWidth.Shared\UnoTextBoxMaxWidth.Shared.projitems*{91312ecd-e6c2-4a18-bd0d-40be6c0d794a}*SharedItemsImports = 5
		UnoTextBoxMaxWidth\UnoTextBoxMaxWidth.Shared\UnoTextBoxMaxWidth.Shared.projitems*{93f6b308-ceef-40aa-a11a-714bed591715}*SharedItemsImports = 4
		UnoTextBoxMaxWidth\UnoTextBoxMaxWidth.Shared\UnoTextBoxMaxWidth.Shared.projitems*{96314979-305b-4643-9de9-157f1b0c0697}*SharedItemsImports = 4
	EndGlobalSection
	GlobalSection(SolutionConfigurationPlatforms) = preSolution
		Ad-Hoc|Any CPU = Ad-Hoc|Any CPU
		Ad-Hoc|ARM = Ad-Hoc|ARM
		Ad-Hoc|ARM64 = Ad-Hoc|ARM64
		Ad-Hoc|iPhone = Ad-Hoc|iPhone
		Ad-Hoc|iPhoneSimulator = Ad-Hoc|iPhoneSimulator
		Ad-Hoc|x64 = Ad-Hoc|x64
		Ad-Hoc|x86 = Ad-Hoc|x86
		AppStore|Any CPU = AppStore|Any CPU
		AppStore|ARM = AppStore|ARM
		AppStore|ARM64 = AppStore|ARM64
		AppStore|iPhone = AppStore|iPhone
		AppStore|iPhoneSimulator = AppStore|iPhoneSimulator
		AppStore|x64 = AppStore|x64
		AppStore|x86 = AppStore|x86
		Debug|Any CPU = Debug|Any CPU
		Debug|ARM = Debug|ARM
		Debug|ARM64 = Debug|ARM64
		Debug|iPhone = Debug|iPhone
		Debug|iPhoneSimulator = Debug|iPhoneSimulator
		Debug|x64 = Debug|x64
		Debug|x86 = Debug|x86
		Release|Any CPU = Release|Any CPU
		Release|ARM = Release|ARM
		Release|ARM64 = Release|ARM64
		Release|iPhone = Release|iPhone
		Release|iPhoneSimulator = Release|iPhoneSimulator
		Release|x64 = Release|x64
		Release|x86 = Release|x86
	EndGlobalSection
	GlobalSection(ProjectConfigurationPlatforms) = postSolution
		{275CAA0F-DEE9-48F9-AE5E-E4F274ED744C}.Ad-Hoc|Any CPU.ActiveCfg = Debug|Any CPU
		{275CAA0F-DEE9-48F9-AE5E-E4F274ED744C}.Ad-Hoc|Any CPU.Build.0 = Debug|Any CPU
		{275CAA0F-DEE9-48F9-AE5E-E4F274ED744C}.Ad-Hoc|Any CPU.Deploy.0 = Debug|Any CPU
		{275CAA0F-DEE9-48F9-AE5E-E4F274ED744C}.Ad-Hoc|ARM.ActiveCfg = Debug|Any CPU
		{275CAA0F-DEE9-48F9-AE5E-E4F274ED744C}.Ad-Hoc|ARM.Build.0 = Debug|Any CPU
		{275CAA0F-DEE9-48F9-AE5E-E4F274ED744C}.Ad-Hoc|ARM.Deploy.0 = Debug|Any CPU
		{275CAA0F-DEE9-48F9-AE5E-E4F274ED744C}.Ad-Hoc|ARM64.ActiveCfg = Debug|Any CPU
		{275CAA0F-DEE9-48F9-AE5E-E4F274ED744C}.Ad-Hoc|ARM64.Build.0 = Debug|Any CPU
		{275CAA0F-DEE9-48F9-AE5E-E4F274ED744C}.Ad-Hoc|ARM64.Deploy.0 = Debug|Any CPU
		{275CAA0F-DEE9-48F9-AE5E-E4F274ED744C}.Ad-Hoc|iPhone.ActiveCfg = Debug|Any CPU
		{275CAA0F-DEE9-48F9-AE5E-E4F274ED744C}.Ad-Hoc|iPhone.Build.0 = Debug|Any CPU
		{275CAA0F-DEE9-48F9-AE5E-E4F274ED744C}.Ad-Hoc|iPhone.Deploy.0 = Debug|Any CPU
		{275CAA0F-DEE9-48F9-AE5E-E4F274ED744C}.Ad-Hoc|iPhoneSimulator.ActiveCfg = Debug|Any CPU
		{275CAA0F-DEE9-48F9-AE5E-E4F274ED744C}.Ad-Hoc|iPhoneSimulator.Build.0 = Debug|Any CPU
		{275CAA0F-DEE9-48F9-AE5E-E4F274ED744C}.Ad-Hoc|iPhoneSimulator.Deploy.0 = Debug|Any CPU
		{275CAA0F-DEE9-48F9-AE5E-E4F274ED744C}.Ad-Hoc|x64.ActiveCfg = Debug|Any CPU
		{275CAA0F-DEE9-48F9-AE5E-E4F274ED744C}.Ad-Hoc|x64.Build.0 = Debug|Any CPU
		{275CAA0F-DEE9-48F9-AE5E-E4F274ED744C}.Ad-Hoc|x64.Deploy.0 = Debug|Any CPU
		{275CAA0F-DEE9-48F9-AE5E-E4F274ED744C}.Ad-Hoc|x86.ActiveCfg = Debug|Any CPU
		{275CAA0F-DEE9-48F9-AE5E-E4F274ED744C}.Ad-Hoc|x86.Build.0 = Debug|Any CPU
		{275CAA0F-DEE9-48F9-AE5E-E4F274ED744C}.Ad-Hoc|x86.Deploy.0 = Debug|Any CPU
		{275CAA0F-DEE9-48F9-AE5E-E4F274ED744C}.AppStore|Any CPU.ActiveCfg = Debug|Any CPU
		{275CAA0F-DEE9-48F9-AE5E-E4F274ED744C}.AppStore|Any CPU.Build.0 = Debug|Any CPU
		{275CAA0F-DEE9-48F9-AE5E-E4F274ED744C}.AppStore|Any CPU.Deploy.0 = Debug|Any CPU
		{275CAA0F-DEE9-48F9-AE5E-E4F274ED744C}.AppStore|ARM.ActiveCfg = Debug|Any CPU
		{275CAA0F-DEE9-48F9-AE5E-E4F274ED744C}.AppStore|ARM.Build.0 = Debug|Any CPU
		{275CAA0F-DEE9-48F9-AE5E-E4F274ED744C}.AppStore|ARM.Deploy.0 = Debug|Any CPU
		{275CAA0F-DEE9-48F9-AE5E-E4F274ED744C}.AppStore|ARM64.ActiveCfg = Debug|Any CPU
		{275CAA0F-DEE9-48F9-AE5E-E4F274ED744C}.AppStore|ARM64.Build.0 = Debug|Any CPU
		{275CAA0F-DEE9-48F9-AE5E-E4F274ED744C}.AppStore|ARM64.Deploy.0 = Debug|Any CPU
		{275CAA0F-DEE9-48F9-AE5E-E4F274ED744C}.AppStore|iPhone.ActiveCfg = Debug|Any CPU
		{275CAA0F-DEE9-48F9-AE5E-E4F274ED744C}.AppStore|iPhone.Build.0 = Debug|Any CPU
		{275CAA0F-DEE9-48F9-AE5E-E4F274ED744C}.AppStore|iPhone.Deploy.0 = Debug|Any CPU
		{275CAA0F-DEE9-48F9-AE5E-E4F274ED744C}.AppStore|iPhoneSimulator.ActiveCfg = Debug|Any CPU
		{275CAA0F-DEE9-48F9-AE5E-E4F274ED744C}.AppStore|iPhoneSimulator.Build.0 = Debug|Any CPU
		{275CAA0F-DEE9-48F9-AE5E-E4F274ED744C}.AppStore|iPhoneSimulator.Deploy.0 = Debug|Any CPU
		{275CAA0F-DEE9-48F9-AE5E-E4F274ED744C}.AppStore|x64.ActiveCfg = Debug|Any CPU
		{275CAA0F-DEE9-48F9-AE5E-E4F274ED744C}.AppStore|x64.Build.0 = Debug|Any CPU
		{275CAA0F-DEE9-48F9-AE5E-E4F274ED744C}.AppStore|x64.Deploy.0 = Debug|Any CPU
		{275CAA0F-DEE9-48F9-AE5E-E4F274ED744C}.AppStore|x86.ActiveCfg = Debug|Any CPU
		{275CAA0F-DEE9-48F9-AE5E-E4F274ED744C}.AppStore|x86.Build.0 = Debug|Any CPU
		{275CAA0F-DEE9-48F9-AE5E-E4F274ED744C}.AppStore|x86.Deploy.0 = Debug|Any CPU
		{275CAA0F-DEE9-48F9-AE5E-E4F274ED744C}.Debug|Any CPU.ActiveCfg = Debug|Any CPU
		{275CAA0F-DEE9-48F9-AE5E-E4F274ED744C}.Debug|Any CPU.Build.0 = Debug|Any CPU
		{275CAA0F-DEE9-48F9-AE5E-E4F274ED744C}.Debug|Any CPU.Deploy.0 = Debug|Any CPU
		{275CAA0F-DEE9-48F9-AE5E-E4F274ED744C}.Debug|ARM.ActiveCfg = Debug|Any CPU
		{275CAA0F-DEE9-48F9-AE5E-E4F274ED744C}.Debug|ARM.Build.0 = Debug|Any CPU
		{275CAA0F-DEE9-48F9-AE5E-E4F274ED744C}.Debug|ARM.Deploy.0 = Debug|Any CPU
		{275CAA0F-DEE9-48F9-AE5E-E4F274ED744C}.Debug|ARM64.ActiveCfg = Debug|Any CPU
		{275CAA0F-DEE9-48F9-AE5E-E4F274ED744C}.Debug|ARM64.Build.0 = Debug|Any CPU
		{275CAA0F-DEE9-48F9-AE5E-E4F274ED744C}.Debug|ARM64.Deploy.0 = Debug|Any CPU
		{275CAA0F-DEE9-48F9-AE5E-E4F274ED744C}.Debug|iPhone.ActiveCfg = Debug|Any CPU
		{275CAA0F-DEE9-48F9-AE5E-E4F274ED744C}.Debug|iPhone.Build.0 = Debug|Any CPU
		{275CAA0F-DEE9-48F9-AE5E-E4F274ED744C}.Debug|iPhone.Deploy.0 = Debug|Any CPU
		{275CAA0F-DEE9-48F9-AE5E-E4F274ED744C}.Debug|iPhoneSimulator.ActiveCfg = Debug|Any CPU
		{275CAA0F-DEE9-48F9-AE5E-E4F274ED744C}.Debug|iPhoneSimulator.Build.0 = Debug|Any CPU
		{275CAA0F-DEE9-48F9-AE5E-E4F274ED744C}.Debug|iPhoneSimulator.Deploy.0 = Debug|Any CPU
		{275CAA0F-DEE9-48F9-AE5E-E4F274ED744C}.Debug|x64.ActiveCfg = Debug|Any CPU
		{275CAA0F-DEE9-48F9-AE5E-E4F274ED744C}.Debug|x64.Build.0 = Debug|Any CPU
		{275CAA0F-DEE9-48F9-AE5E-E4F274ED744C}.Debug|x64.Deploy.0 = Debug|Any CPU
		{275CAA0F-DEE9-48F9-AE5E-E4F274ED744C}.Debug|x86.ActiveCfg = Debug|Any CPU
		{275CAA0F-DEE9-48F9-AE5E-E4F274ED744C}.Debug|x86.Build.0 = Debug|Any CPU
		{275CAA0F-DEE9-48F9-AE5E-E4F274ED744C}.Debug|x86.Deploy.0 = Debug|Any CPU
		{275CAA0F-DEE9-48F9-AE5E-E4F274ED744C}.Release|Any CPU.ActiveCfg = Release|Any CPU
		{275CAA0F-DEE9-48F9-AE5E-E4F274ED744C}.Release|Any CPU.Build.0 = Release|Any CPU
		{275CAA0F-DEE9-48F9-AE5E-E4F274ED744C}.Release|Any CPU.Deploy.0 = Release|Any CPU
		{275CAA0F-DEE9-48F9-AE5E-E4F274ED744C}.Release|ARM.ActiveCfg = Release|Any CPU
		{275CAA0F-DEE9-48F9-AE5E-E4F274ED744C}.Release|ARM.Build.0 = Release|Any CPU
		{275CAA0F-DEE9-48F9-AE5E-E4F274ED744C}.Release|ARM.Deploy.0 = Release|Any CPU
		{275CAA0F-DEE9-48F9-AE5E-E4F274ED744C}.Release|ARM64.ActiveCfg = Release|Any CPU
		{275CAA0F-DEE9-48F9-AE5E-E4F274ED744C}.Release|ARM64.Build.0 = Release|Any CPU
		{275CAA0F-DEE9-48F9-AE5E-E4F274ED744C}.Release|ARM64.Deploy.0 = Release|Any CPU
		{275CAA0F-DEE9-48F9-AE5E-E4F274ED744C}.Release|iPhone.ActiveCfg = Release|Any CPU
		{275CAA0F-DEE9-48F9-AE5E-E4F274ED744C}.Release|iPhone.Build.0 = Release|Any CPU
		{275CAA0F-DEE9-48F9-AE5E-E4F274ED744C}.Release|iPhone.Deploy.0 = Release|Any CPU
		{275CAA0F-DEE9-48F9-AE5E-E4F274ED744C}.Release|iPhoneSimulator.ActiveCfg = Release|Any CPU
		{275CAA0F-DEE9-48F9-AE5E-E4F274ED744C}.Release|iPhoneSimulator.Build.0 = Release|Any CPU
		{275CAA0F-DEE9-48F9-AE5E-E4F274ED744C}.Release|iPhoneSimulator.Deploy.0 = Release|Any CPU
		{275CAA0F-DEE9-48F9-AE5E-E4F274ED744C}.Release|x64.ActiveCfg = Release|Any CPU
		{275CAA0F-DEE9-48F9-AE5E-E4F274ED744C}.Release|x64.Build.0 = Release|Any CPU
		{275CAA0F-DEE9-48F9-AE5E-E4F274ED744C}.Release|x64.Deploy.0 = Release|Any CPU
		{275CAA0F-DEE9-48F9-AE5E-E4F274ED744C}.Release|x86.ActiveCfg = Release|Any CPU
		{275CAA0F-DEE9-48F9-AE5E-E4F274ED744C}.Release|x86.Build.0 = Release|Any CPU
		{275CAA0F-DEE9-48F9-AE5E-E4F274ED744C}.Release|x86.Deploy.0 = Release|Any CPU
		{96314979-305B-4643-9DE9-157F1B0C0697}.Ad-Hoc|Any CPU.ActiveCfg = Ad-Hoc|iPhoneSimulator
		{96314979-305B-4643-9DE9-157F1B0C0697}.Ad-Hoc|Any CPU.Build.0 = Ad-Hoc|iPhoneSimulator
		{96314979-305B-4643-9DE9-157F1B0C0697}.Ad-Hoc|ARM.ActiveCfg = Ad-Hoc|iPhoneSimulator
		{96314979-305B-4643-9DE9-157F1B0C0697}.Ad-Hoc|ARM.Build.0 = Ad-Hoc|iPhoneSimulator
		{96314979-305B-4643-9DE9-157F1B0C0697}.Ad-Hoc|ARM64.ActiveCfg = Ad-Hoc|iPhoneSimulator
		{96314979-305B-4643-9DE9-157F1B0C0697}.Ad-Hoc|ARM64.Build.0 = Ad-Hoc|iPhoneSimulator
		{96314979-305B-4643-9DE9-157F1B0C0697}.Ad-Hoc|iPhone.ActiveCfg = Ad-Hoc|iPhone
		{96314979-305B-4643-9DE9-157F1B0C0697}.Ad-Hoc|iPhone.Build.0 = Ad-Hoc|iPhone
		{96314979-305B-4643-9DE9-157F1B0C0697}.Ad-Hoc|iPhoneSimulator.ActiveCfg = Ad-Hoc|iPhoneSimulator
		{96314979-305B-4643-9DE9-157F1B0C0697}.Ad-Hoc|iPhoneSimulator.Build.0 = Ad-Hoc|iPhoneSimulator
		{96314979-305B-4643-9DE9-157F1B0C0697}.Ad-Hoc|x64.ActiveCfg = Ad-Hoc|iPhoneSimulator
		{96314979-305B-4643-9DE9-157F1B0C0697}.Ad-Hoc|x64.Build.0 = Ad-Hoc|iPhoneSimulator
		{96314979-305B-4643-9DE9-157F1B0C0697}.Ad-Hoc|x86.ActiveCfg = Ad-Hoc|iPhoneSimulator
		{96314979-305B-4643-9DE9-157F1B0C0697}.Ad-Hoc|x86.Build.0 = Ad-Hoc|iPhoneSimulator
		{96314979-305B-4643-9DE9-157F1B0C0697}.AppStore|Any CPU.ActiveCfg = AppStore|iPhoneSimulator
		{96314979-305B-4643-9DE9-157F1B0C0697}.AppStore|Any CPU.Build.0 = AppStore|iPhoneSimulator
		{96314979-305B-4643-9DE9-157F1B0C0697}.AppStore|ARM.ActiveCfg = AppStore|iPhoneSimulator
		{96314979-305B-4643-9DE9-157F1B0C0697}.AppStore|ARM.Build.0 = AppStore|iPhoneSimulator
		{96314979-305B-4643-9DE9-157F1B0C0697}.AppStore|ARM64.ActiveCfg = AppStore|iPhoneSimulator
		{96314979-305B-4643-9DE9-157F1B0C0697}.AppStore|ARM64.Build.0 = AppStore|iPhoneSimulator
		{96314979-305B-4643-9DE9-157F1B0C0697}.AppStore|iPhone.ActiveCfg = AppStore|iPhone
		{96314979-305B-4643-9DE9-157F1B0C0697}.AppStore|iPhone.Build.0 = AppStore|iPhone
		{96314979-305B-4643-9DE9-157F1B0C0697}.AppStore|iPhoneSimulator.ActiveCfg = AppStore|iPhoneSimulator
		{96314979-305B-4643-9DE9-157F1B0C0697}.AppStore|iPhoneSimulator.Build.0 = AppStore|iPhoneSimulator
		{96314979-305B-4643-9DE9-157F1B0C0697}.AppStore|x64.ActiveCfg = AppStore|iPhoneSimulator
		{96314979-305B-4643-9DE9-157F1B0C0697}.AppStore|x64.Build.0 = AppStore|iPhoneSimulator
		{96314979-305B-4643-9DE9-157F1B0C0697}.AppStore|x86.ActiveCfg = AppStore|iPhoneSimulator
		{96314979-305B-4643-9DE9-157F1B0C0697}.AppStore|x86.Build.0 = AppStore|iPhoneSimulator
		{96314979-305B-4643-9DE9-157F1B0C0697}.Debug|Any CPU.ActiveCfg = Debug|iPhoneSimulator
		{96314979-305B-4643-9DE9-157F1B0C0697}.Debug|Any CPU.Build.0 = Debug|iPhoneSimulator
		{96314979-305B-4643-9DE9-157F1B0C0697}.Debug|ARM.ActiveCfg = Debug|iPhoneSimulator
		{96314979-305B-4643-9DE9-157F1B0C0697}.Debug|ARM.Build.0 = Debug|iPhoneSimulator
		{96314979-305B-4643-9DE9-157F1B0C0697}.Debug|ARM64.ActiveCfg = Debug|iPhoneSimulator
		{96314979-305B-4643-9DE9-157F1B0C0697}.Debug|ARM64.Build.0 = Debug|iPhoneSimulator
		{96314979-305B-4643-9DE9-157F1B0C0697}.Debug|iPhone.ActiveCfg = Debug|iPhone
		{96314979-305B-4643-9DE9-157F1B0C0697}.Debug|iPhone.Build.0 = Debug|iPhone
		{96314979-305B-4643-9DE9-157F1B0C0697}.Debug|iPhoneSimulator.ActiveCfg = Debug|iPhoneSimulator
		{96314979-305B-4643-9DE9-157F1B0C0697}.Debug|iPhoneSimulator.Build.0 = Debug|iPhoneSimulator
		{96314979-305B-4643-9DE9-157F1B0C0697}.Debug|x64.ActiveCfg = Debug|iPhoneSimulator
		{96314979-305B-4643-9DE9-157F1B0C0697}.Debug|x64.Build.0 = Debug|iPhoneSimulator
		{96314979-305B-4643-9DE9-157F1B0C0697}.Debug|x86.ActiveCfg = Debug|iPhoneSimulator
		{96314979-305B-4643-9DE9-157F1B0C0697}.Debug|x86.Build.0 = Debug|iPhoneSimulator
		{96314979-305B-4643-9DE9-157F1B0C0697}.Release|Any CPU.ActiveCfg = Release|iPhoneSimulator
		{96314979-305B-4643-9DE9-157F1B0C0697}.Release|Any CPU.Build.0 = Release|iPhoneSimulator
		{96314979-305B-4643-9DE9-157F1B0C0697}.Release|ARM.ActiveCfg = Release|iPhoneSimulator
		{96314979-305B-4643-9DE9-157F1B0C0697}.Release|ARM.Build.0 = Release|iPhoneSimulator
		{96314979-305B-4643-9DE9-157F1B0C0697}.Release|ARM64.ActiveCfg = Release|iPhoneSimulator
		{96314979-305B-4643-9DE9-157F1B0C0697}.Release|ARM64.Build.0 = Release|iPhoneSimulator
		{96314979-305B-4643-9DE9-157F1B0C0697}.Release|iPhone.ActiveCfg = Release|iPhone
		{96314979-305B-4643-9DE9-157F1B0C0697}.Release|iPhone.Build.0 = Release|iPhone
		{96314979-305B-4643-9DE9-157F1B0C0697}.Release|iPhoneSimulator.ActiveCfg = Release|iPhoneSimulator
		{96314979-305B-4643-9DE9-157F1B0C0697}.Release|iPhoneSimulator.Build.0 = Release|iPhoneSimulator
		{96314979-305B-4643-9DE9-157F1B0C0697}.Release|x64.ActiveCfg = Release|iPhoneSimulator
		{96314979-305B-4643-9DE9-157F1B0C0697}.Release|x64.Build.0 = Release|iPhoneSimulator
		{96314979-305B-4643-9DE9-157F1B0C0697}.Release|x86.ActiveCfg = Release|iPhoneSimulator
		{96314979-305B-4643-9DE9-157F1B0C0697}.Release|x86.Build.0 = Release|iPhoneSimulator
		{71AF9BF6-7CDE-4FF5-BF7F-3D3AA267C322}.Ad-Hoc|Any CPU.ActiveCfg = Debug|x86
		{71AF9BF6-7CDE-4FF5-BF7F-3D3AA267C322}.Ad-Hoc|Any CPU.Build.0 = Debug|x86
		{71AF9BF6-7CDE-4FF5-BF7F-3D3AA267C322}.Ad-Hoc|Any CPU.Deploy.0 = Debug|x86
		{71AF9BF6-7CDE-4FF5-BF7F-3D3AA267C322}.Ad-Hoc|ARM.ActiveCfg = Debug|ARM
		{71AF9BF6-7CDE-4FF5-BF7F-3D3AA267C322}.Ad-Hoc|ARM.Build.0 = Debug|ARM
		{71AF9BF6-7CDE-4FF5-BF7F-3D3AA267C322}.Ad-Hoc|ARM.Deploy.0 = Debug|ARM
		{71AF9BF6-7CDE-4FF5-BF7F-3D3AA267C322}.Ad-Hoc|ARM64.ActiveCfg = Debug|ARM64
		{71AF9BF6-7CDE-4FF5-BF7F-3D3AA267C322}.Ad-Hoc|ARM64.Build.0 = Debug|ARM64
		{71AF9BF6-7CDE-4FF5-BF7F-3D3AA267C322}.Ad-Hoc|ARM64.Deploy.0 = Debug|ARM64
		{71AF9BF6-7CDE-4FF5-BF7F-3D3AA267C322}.Ad-Hoc|iPhone.ActiveCfg = Debug|x86
		{71AF9BF6-7CDE-4FF5-BF7F-3D3AA267C322}.Ad-Hoc|iPhone.Build.0 = Debug|x86
		{71AF9BF6-7CDE-4FF5-BF7F-3D3AA267C322}.Ad-Hoc|iPhone.Deploy.0 = Debug|x86
		{71AF9BF6-7CDE-4FF5-BF7F-3D3AA267C322}.Ad-Hoc|iPhoneSimulator.ActiveCfg = Debug|x86
		{71AF9BF6-7CDE-4FF5-BF7F-3D3AA267C322}.Ad-Hoc|iPhoneSimulator.Build.0 = Debug|x86
		{71AF9BF6-7CDE-4FF5-BF7F-3D3AA267C322}.Ad-Hoc|iPhoneSimulator.Deploy.0 = Debug|x86
		{71AF9BF6-7CDE-4FF5-BF7F-3D3AA267C322}.Ad-Hoc|x64.ActiveCfg = Debug|x64
		{71AF9BF6-7CDE-4FF5-BF7F-3D3AA267C322}.Ad-Hoc|x64.Build.0 = Debug|x64
		{71AF9BF6-7CDE-4FF5-BF7F-3D3AA267C322}.Ad-Hoc|x64.Deploy.0 = Debug|x64
		{71AF9BF6-7CDE-4FF5-BF7F-3D3AA267C322}.Ad-Hoc|x86.ActiveCfg = Debug|x86
		{71AF9BF6-7CDE-4FF5-BF7F-3D3AA267C322}.Ad-Hoc|x86.Build.0 = Debug|x86
		{71AF9BF6-7CDE-4FF5-BF7F-3D3AA267C322}.Ad-Hoc|x86.Deploy.0 = Debug|x86
		{71AF9BF6-7CDE-4FF5-BF7F-3D3AA267C322}.AppStore|Any CPU.ActiveCfg = Debug|x86
		{71AF9BF6-7CDE-4FF5-BF7F-3D3AA267C322}.AppStore|Any CPU.Build.0 = Debug|x86
		{71AF9BF6-7CDE-4FF5-BF7F-3D3AA267C322}.AppStore|Any CPU.Deploy.0 = Debug|x86
		{71AF9BF6-7CDE-4FF5-BF7F-3D3AA267C322}.AppStore|ARM.ActiveCfg = Debug|ARM
		{71AF9BF6-7CDE-4FF5-BF7F-3D3AA267C322}.AppStore|ARM.Build.0 = Debug|ARM
		{71AF9BF6-7CDE-4FF5-BF7F-3D3AA267C322}.AppStore|ARM.Deploy.0 = Debug|ARM
		{71AF9BF6-7CDE-4FF5-BF7F-3D3AA267C322}.AppStore|ARM64.ActiveCfg = Debug|ARM64
		{71AF9BF6-7CDE-4FF5-BF7F-3D3AA267C322}.AppStore|ARM64.Build.0 = Debug|ARM64
		{71AF9BF6-7CDE-4FF5-BF7F-3D3AA267C322}.AppStore|ARM64.Deploy.0 = Debug|ARM64
		{71AF9BF6-7CDE-4FF5-BF7F-3D3AA267C322}.AppStore|iPhone.ActiveCfg = Debug|x86
		{71AF9BF6-7CDE-4FF5-BF7F-3D3AA267C322}.AppStore|iPhone.Build.0 = Debug|x86
		{71AF9BF6-7CDE-4FF5-BF7F-3D3AA267C322}.AppStore|iPhone.Deploy.0 = Debug|x86
		{71AF9BF6-7CDE-4FF5-BF7F-3D3AA267C322}.AppStore|iPhoneSimulator.ActiveCfg = Debug|x86
		{71AF9BF6-7CDE-4FF5-BF7F-3D3AA267C322}.AppStore|iPhoneSimulator.Build.0 = Debug|x86
		{71AF9BF6-7CDE-4FF5-BF7F-3D3AA267C322}.AppStore|iPhoneSimulator.Deploy.0 = Debug|x86
		{71AF9BF6-7CDE-4FF5-BF7F-3D3AA267C322}.AppStore|x64.ActiveCfg = Debug|x64
		{71AF9BF6-7CDE-4FF5-BF7F-3D3AA267C322}.AppStore|x64.Build.0 = Debug|x64
		{71AF9BF6-7CDE-4FF5-BF7F-3D3AA267C322}.AppStore|x64.Deploy.0 = Debug|x64
		{71AF9BF6-7CDE-4FF5-BF7F-3D3AA267C322}.AppStore|x86.ActiveCfg = Debug|x86
		{71AF9BF6-7CDE-4FF5-BF7F-3D3AA267C322}.AppStore|x86.Build.0 = Debug|x86
		{71AF9BF6-7CDE-4FF5-BF7F-3D3AA267C322}.AppStore|x86.Deploy.0 = Debug|x86
		{71AF9BF6-7CDE-4FF5-BF7F-3D3AA267C322}.Debug|Any CPU.ActiveCfg = Debug|x64
		{71AF9BF6-7CDE-4FF5-BF7F-3D3AA267C322}.Debug|Any CPU.Build.0 = Debug|x64
		{71AF9BF6-7CDE-4FF5-BF7F-3D3AA267C322}.Debug|Any CPU.Deploy.0 = Debug|x64
		{71AF9BF6-7CDE-4FF5-BF7F-3D3AA267C322}.Debug|ARM.ActiveCfg = Debug|ARM
		{71AF9BF6-7CDE-4FF5-BF7F-3D3AA267C322}.Debug|ARM.Build.0 = Debug|ARM
		{71AF9BF6-7CDE-4FF5-BF7F-3D3AA267C322}.Debug|ARM.Deploy.0 = Debug|ARM
		{71AF9BF6-7CDE-4FF5-BF7F-3D3AA267C322}.Debug|ARM64.ActiveCfg = Debug|ARM64
		{71AF9BF6-7CDE-4FF5-BF7F-3D3AA267C322}.Debug|ARM64.Build.0 = Debug|ARM64
		{71AF9BF6-7CDE-4FF5-BF7F-3D3AA267C322}.Debug|ARM64.Deploy.0 = Debug|ARM64
		{71AF9BF6-7CDE-4FF5-BF7F-3D3AA267C322}.Debug|iPhone.ActiveCfg = Debug|x64
		{71AF9BF6-7CDE-4FF5-BF7F-3D3AA267C322}.Debug|iPhone.Build.0 = Debug|x64
		{71AF9BF6-7CDE-4FF5-BF7F-3D3AA267C322}.Debug|iPhone.Deploy.0 = Debug|x64
		{71AF9BF6-7CDE-4FF5-BF7F-3D3AA267C322}.Debug|iPhoneSimulator.ActiveCfg = Debug|x64
		{71AF9BF6-7CDE-4FF5-BF7F-3D3AA267C322}.Debug|iPhoneSimulator.Build.0 = Debug|x64
		{71AF9BF6-7CDE-4FF5-BF7F-3D3AA267C322}.Debug|iPhoneSimulator.Deploy.0 = Debug|x64
		{71AF9BF6-7CDE-4FF5-BF7F-3D3AA267C322}.Debug|x64.ActiveCfg = Debug|x64
		{71AF9BF6-7CDE-4FF5-BF7F-3D3AA267C322}.Debug|x64.Build.0 = Debug|x64
		{71AF9BF6-7CDE-4FF5-BF7F-3D3AA267C322}.Debug|x64.Deploy.0 = Debug|x64
		{71AF9BF6-7CDE-4FF5-BF7F-3D3AA267C322}.Debug|x86.ActiveCfg = Debug|x86
		{71AF9BF6-7CDE-4FF5-BF7F-3D3AA267C322}.Debug|x86.Build.0 = Debug|x86
		{71AF9BF6-7CDE-4FF5-BF7F-3D3AA267C322}.Debug|x86.Deploy.0 = Debug|x86
		{71AF9BF6-7CDE-4FF5-BF7F-3D3AA267C322}.Release|Any CPU.ActiveCfg = Release|x64
		{71AF9BF6-7CDE-4FF5-BF7F-3D3AA267C322}.Release|Any CPU.Build.0 = Release|x64
		{71AF9BF6-7CDE-4FF5-BF7F-3D3AA267C322}.Release|Any CPU.Deploy.0 = Release|x64
		{71AF9BF6-7CDE-4FF5-BF7F-3D3AA267C322}.Release|ARM.ActiveCfg = Release|ARM
		{71AF9BF6-7CDE-4FF5-BF7F-3D3AA267C322}.Release|ARM.Build.0 = Release|ARM
		{71AF9BF6-7CDE-4FF5-BF7F-3D3AA267C322}.Release|ARM.Deploy.0 = Release|ARM
		{71AF9BF6-7CDE-4FF5-BF7F-3D3AA267C322}.Release|ARM64.ActiveCfg = Release|ARM64
		{71AF9BF6-7CDE-4FF5-BF7F-3D3AA267C322}.Release|ARM64.Build.0 = Release|ARM64
		{71AF9BF6-7CDE-4FF5-BF7F-3D3AA267C322}.Release|ARM64.Deploy.0 = Release|ARM64
		{71AF9BF6-7CDE-4FF5-BF7F-3D3AA267C322}.Release|iPhone.ActiveCfg = Release|x64
		{71AF9BF6-7CDE-4FF5-BF7F-3D3AA267C322}.Release|iPhone.Build.0 = Release|x64
		{71AF9BF6-7CDE-4FF5-BF7F-3D3AA267C322}.Release|iPhone.Deploy.0 = Release|x64
		{71AF9BF6-7CDE-4FF5-BF7F-3D3AA267C322}.Release|iPhoneSimulator.ActiveCfg = Release|x64
		{71AF9BF6-7CDE-4FF5-BF7F-3D3AA267C322}.Release|iPhoneSimulator.Build.0 = Release|x64
		{71AF9BF6-7CDE-4FF5-BF7F-3D3AA267C322}.Release|iPhoneSimulator.Deploy.0 = Release|x64
		{71AF9BF6-7CDE-4FF5-BF7F-3D3AA267C322}.Release|x64.ActiveCfg = Release|x64
		{71AF9BF6-7CDE-4FF5-BF7F-3D3AA267C322}.Release|x64.Build.0 = Release|x64
		{71AF9BF6-7CDE-4FF5-BF7F-3D3AA267C322}.Release|x64.Deploy.0 = Release|x64
		{71AF9BF6-7CDE-4FF5-BF7F-3D3AA267C322}.Release|x86.ActiveCfg = Release|x86
		{71AF9BF6-7CDE-4FF5-BF7F-3D3AA267C322}.Release|x86.Build.0 = Release|x86
		{71AF9BF6-7CDE-4FF5-BF7F-3D3AA267C322}.Release|x86.Deploy.0 = Release|x86
		{0941E58C-2CBA-4C14-B29C-3133A66DE761}.Ad-Hoc|Any CPU.ActiveCfg = Debug|Any CPU
		{0941E58C-2CBA-4C14-B29C-3133A66DE761}.Ad-Hoc|Any CPU.Build.0 = Debug|Any CPU
		{0941E58C-2CBA-4C14-B29C-3133A66DE761}.Ad-Hoc|ARM.ActiveCfg = Debug|Any CPU
		{0941E58C-2CBA-4C14-B29C-3133A66DE761}.Ad-Hoc|ARM.Build.0 = Debug|Any CPU
		{0941E58C-2CBA-4C14-B29C-3133A66DE761}.Ad-Hoc|ARM64.ActiveCfg = Debug|Any CPU
		{0941E58C-2CBA-4C14-B29C-3133A66DE761}.Ad-Hoc|ARM64.Build.0 = Debug|Any CPU
		{0941E58C-2CBA-4C14-B29C-3133A66DE761}.Ad-Hoc|iPhone.ActiveCfg = Debug|Any CPU
		{0941E58C-2CBA-4C14-B29C-3133A66DE761}.Ad-Hoc|iPhone.Build.0 = Debug|Any CPU
		{0941E58C-2CBA-4C14-B29C-3133A66DE761}.Ad-Hoc|iPhoneSimulator.ActiveCfg = Debug|Any CPU
		{0941E58C-2CBA-4C14-B29C-3133A66DE761}.Ad-Hoc|iPhoneSimulator.Build.0 = Debug|Any CPU
		{0941E58C-2CBA-4C14-B29C-3133A66DE761}.Ad-Hoc|x64.ActiveCfg = Debug|Any CPU
		{0941E58C-2CBA-4C14-B29C-3133A66DE761}.Ad-Hoc|x64.Build.0 = Debug|Any CPU
		{0941E58C-2CBA-4C14-B29C-3133A66DE761}.Ad-Hoc|x86.ActiveCfg = Debug|Any CPU
		{0941E58C-2CBA-4C14-B29C-3133A66DE761}.Ad-Hoc|x86.Build.0 = Debug|Any CPU
		{0941E58C-2CBA-4C14-B29C-3133A66DE761}.AppStore|Any CPU.ActiveCfg = Debug|Any CPU
		{0941E58C-2CBA-4C14-B29C-3133A66DE761}.AppStore|Any CPU.Build.0 = Debug|Any CPU
		{0941E58C-2CBA-4C14-B29C-3133A66DE761}.AppStore|ARM.ActiveCfg = Debug|Any CPU
		{0941E58C-2CBA-4C14-B29C-3133A66DE761}.AppStore|ARM.Build.0 = Debug|Any CPU
		{0941E58C-2CBA-4C14-B29C-3133A66DE761}.AppStore|ARM64.ActiveCfg = Debug|Any CPU
		{0941E58C-2CBA-4C14-B29C-3133A66DE761}.AppStore|ARM64.Build.0 = Debug|Any CPU
		{0941E58C-2CBA-4C14-B29C-3133A66DE761}.AppStore|iPhone.ActiveCfg = Debug|Any CPU
		{0941E58C-2CBA-4C14-B29C-3133A66DE761}.AppStore|iPhone.Build.0 = Debug|Any CPU
		{0941E58C-2CBA-4C14-B29C-3133A66DE761}.AppStore|iPhoneSimulator.ActiveCfg = Debug|Any CPU
		{0941E58C-2CBA-4C14-B29C-3133A66DE761}.AppStore|iPhoneSimulator.Build.0 = Debug|Any CPU
		{0941E58C-2CBA-4C14-B29C-3133A66DE761}.AppStore|x64.ActiveCfg = Debug|Any CPU
		{0941E58C-2CBA-4C14-B29C-3133A66DE761}.AppStore|x64.Build.0 = Debug|Any CPU
		{0941E58C-2CBA-4C14-B29C-3133A66DE761}.AppStore|x86.ActiveCfg = Debug|Any CPU
		{0941E58C-2CBA-4C14-B29C-3133A66DE761}.AppStore|x86.Build.0 = Debug|Any CPU
		{0941E58C-2CBA-4C14-B29C-3133A66DE761}.Debug|Any CPU.ActiveCfg = Debug|Any CPU
		{0941E58C-2CBA-4C14-B29C-3133A66DE761}.Debug|Any CPU.Build.0 = Debug|Any CPU
		{0941E58C-2CBA-4C14-B29C-3133A66DE761}.Debug|ARM.ActiveCfg = Debug|Any CPU
		{0941E58C-2CBA-4C14-B29C-3133A66DE761}.Debug|ARM.Build.0 = Debug|Any CPU
		{0941E58C-2CBA-4C14-B29C-3133A66DE761}.Debug|ARM64.ActiveCfg = Debug|Any CPU
		{0941E58C-2CBA-4C14-B29C-3133A66DE761}.Debug|ARM64.Build.0 = Debug|Any CPU
		{0941E58C-2CBA-4C14-B29C-3133A66DE761}.Debug|iPhone.ActiveCfg = Debug|Any CPU
		{0941E58C-2CBA-4C14-B29C-3133A66DE761}.Debug|iPhone.Build.0 = Debug|Any CPU
		{0941E58C-2CBA-4C14-B29C-3133A66DE761}.Debug|iPhoneSimulator.ActiveCfg = Debug|Any CPU
		{0941E58C-2CBA-4C14-B29C-3133A66DE761}.Debug|iPhoneSimulator.Build.0 = Debug|Any CPU
		{0941E58C-2CBA-4C14-B29C-3133A66DE761}.Debug|x64.ActiveCfg = Debug|Any CPU
		{0941E58C-2CBA-4C14-B29C-3133A66DE761}.Debug|x64.Build.0 = Debug|Any CPU
		{0941E58C-2CBA-4C14-B29C-3133A66DE761}.Debug|x86.ActiveCfg = Debug|Any CPU
		{0941E58C-2CBA-4C14-B29C-3133A66DE761}.Debug|x86.Build.0 = Debug|Any CPU
		{0941E58C-2CBA-4C14-B29C-3133A66DE761}.Release|Any CPU.ActiveCfg = Release|Any CPU
		{0941E58C-2CBA-4C14-B29C-3133A66DE761}.Release|Any CPU.Build.0 = Release|Any CPU
		{0941E58C-2CBA-4C14-B29C-3133A66DE761}.Release|ARM.ActiveCfg = Release|Any CPU
		{0941E58C-2CBA-4C14-B29C-3133A66DE761}.Release|ARM.Build.0 = Release|Any CPU
		{0941E58C-2CBA-4C14-B29C-3133A66DE761}.Release|ARM64.ActiveCfg = Release|Any CPU
		{0941E58C-2CBA-4C14-B29C-3133A66DE761}.Release|ARM64.Build.0 = Release|Any CPU
		{0941E58C-2CBA-4C14-B29C-3133A66DE761}.Release|iPhone.ActiveCfg = Release|Any CPU
		{0941E58C-2CBA-4C14-B29C-3133A66DE761}.Release|iPhone.Build.0 = Release|Any CPU
		{0941E58C-2CBA-4C14-B29C-3133A66DE761}.Release|iPhoneSimulator.ActiveCfg = Release|Any CPU
		{0941E58C-2CBA-4C14-B29C-3133A66DE761}.Release|iPhoneSimulator.Build.0 = Release|Any CPU
		{0941E58C-2CBA-4C14-B29C-3133A66DE761}.Release|x64.ActiveCfg = Release|Any CPU
		{0941E58C-2CBA-4C14-B29C-3133A66DE761}.Release|x64.Build.0 = Release|Any CPU
		{0941E58C-2CBA-4C14-B29C-3133A66DE761}.Release|x86.ActiveCfg = Release|Any CPU
		{0941E58C-2CBA-4C14-B29C-3133A66DE761}.Release|x86.Build.0 = Release|Any CPU
		{93F6B308-CEEF-40AA-A11A-714BED591715}.Ad-Hoc|Any CPU.ActiveCfg = Debug|iPhoneSimulator
		{93F6B308-CEEF-40AA-A11A-714BED591715}.Ad-Hoc|Any CPU.Build.0 = Debug|iPhoneSimulator
		{93F6B308-CEEF-40AA-A11A-714BED591715}.Ad-Hoc|ARM.ActiveCfg = Debug|iPhoneSimulator
		{93F6B308-CEEF-40AA-A11A-714BED591715}.Ad-Hoc|ARM.Build.0 = Debug|iPhoneSimulator
		{93F6B308-CEEF-40AA-A11A-714BED591715}.Ad-Hoc|ARM64.ActiveCfg = Debug|iPhoneSimulator
		{93F6B308-CEEF-40AA-A11A-714BED591715}.Ad-Hoc|ARM64.Build.0 = Debug|iPhoneSimulator
		{93F6B308-CEEF-40AA-A11A-714BED591715}.Ad-Hoc|iPhone.ActiveCfg = Debug|iPhoneSimulator
		{93F6B308-CEEF-40AA-A11A-714BED591715}.Ad-Hoc|iPhone.Build.0 = Debug|iPhoneSimulator
		{93F6B308-CEEF-40AA-A11A-714BED591715}.Ad-Hoc|iPhoneSimulator.ActiveCfg = Debug|iPhoneSimulator
		{93F6B308-CEEF-40AA-A11A-714BED591715}.Ad-Hoc|iPhoneSimulator.Build.0 = Debug|iPhoneSimulator
		{93F6B308-CEEF-40AA-A11A-714BED591715}.Ad-Hoc|x64.ActiveCfg = Debug|iPhoneSimulator
		{93F6B308-CEEF-40AA-A11A-714BED591715}.Ad-Hoc|x64.Build.0 = Debug|iPhoneSimulator
		{93F6B308-CEEF-40AA-A11A-714BED591715}.Ad-Hoc|x86.ActiveCfg = Debug|iPhoneSimulator
		{93F6B308-CEEF-40AA-A11A-714BED591715}.Ad-Hoc|x86.Build.0 = Debug|iPhoneSimulator
		{93F6B308-CEEF-40AA-A11A-714BED591715}.AppStore|Any CPU.ActiveCfg = Debug|iPhoneSimulator
		{93F6B308-CEEF-40AA-A11A-714BED591715}.AppStore|Any CPU.Build.0 = Debug|iPhoneSimulator
		{93F6B308-CEEF-40AA-A11A-714BED591715}.AppStore|ARM.ActiveCfg = Debug|iPhoneSimulator
		{93F6B308-CEEF-40AA-A11A-714BED591715}.AppStore|ARM.Build.0 = Debug|iPhoneSimulator
		{93F6B308-CEEF-40AA-A11A-714BED591715}.AppStore|ARM64.ActiveCfg = Debug|iPhoneSimulator
		{93F6B308-CEEF-40AA-A11A-714BED591715}.AppStore|ARM64.Build.0 = Debug|iPhoneSimulator
		{93F6B308-CEEF-40AA-A11A-714BED591715}.AppStore|iPhone.ActiveCfg = Debug|iPhoneSimulator
		{93F6B308-CEEF-40AA-A11A-714BED591715}.AppStore|iPhone.Build.0 = Debug|iPhoneSimulator
		{93F6B308-CEEF-40AA-A11A-714BED591715}.AppStore|iPhoneSimulator.ActiveCfg = Debug|iPhoneSimulator
		{93F6B308-CEEF-40AA-A11A-714BED591715}.AppStore|iPhoneSimulator.Build.0 = Debug|iPhoneSimulator
		{93F6B308-CEEF-40AA-A11A-714BED591715}.AppStore|x64.ActiveCfg = Debug|iPhoneSimulator
		{93F6B308-CEEF-40AA-A11A-714BED591715}.AppStore|x64.Build.0 = Debug|iPhoneSimulator
		{93F6B308-CEEF-40AA-A11A-714BED591715}.AppStore|x86.ActiveCfg = Debug|iPhoneSimulator
		{93F6B308-CEEF-40AA-A11A-714BED591715}.AppStore|x86.Build.0 = Debug|iPhoneSimulator
		{93F6B308-CEEF-40AA-A11A-714BED591715}.Debug|Any CPU.ActiveCfg = Debug|iPhoneSimulator
		{93F6B308-CEEF-40AA-A11A-714BED591715}.Debug|Any CPU.Build.0 = Debug|iPhoneSimulator
		{93F6B308-CEEF-40AA-A11A-714BED591715}.Debug|ARM.ActiveCfg = Debug|iPhoneSimulator
		{93F6B308-CEEF-40AA-A11A-714BED591715}.Debug|ARM.Build.0 = Debug|iPhoneSimulator
		{93F6B308-CEEF-40AA-A11A-714BED591715}.Debug|ARM64.ActiveCfg = Debug|iPhoneSimulator
		{93F6B308-CEEF-40AA-A11A-714BED591715}.Debug|ARM64.Build.0 = Debug|iPhoneSimulator
		{93F6B308-CEEF-40AA-A11A-714BED591715}.Debug|iPhone.ActiveCfg = Debug|iPhoneSimulator
		{93F6B308-CEEF-40AA-A11A-714BED591715}.Debug|iPhone.Build.0 = Debug|iPhoneSimulator
		{93F6B308-CEEF-40AA-A11A-714BED591715}.Debug|iPhoneSimulator.ActiveCfg = Debug|iPhoneSimulator
		{93F6B308-CEEF-40AA-A11A-714BED591715}.Debug|iPhoneSimulator.Build.0 = Debug|iPhoneSimulator
		{93F6B308-CEEF-40AA-A11A-714BED591715}.Debug|x64.ActiveCfg = Debug|iPhoneSimulator
		{93F6B308-CEEF-40AA-A11A-714BED591715}.Debug|x64.Build.0 = Debug|iPhoneSimulator
		{93F6B308-CEEF-40AA-A11A-714BED591715}.Debug|x86.ActiveCfg = Debug|iPhoneSimulator
		{93F6B308-CEEF-40AA-A11A-714BED591715}.Debug|x86.Build.0 = Debug|iPhoneSimulator
		{93F6B308-CEEF-40AA-A11A-714BED591715}.Release|Any CPU.ActiveCfg = Release|iPhoneSimulator
		{93F6B308-CEEF-40AA-A11A-714BED591715}.Release|Any CPU.Build.0 = Release|iPhoneSimulator
		{93F6B308-CEEF-40AA-A11A-714BED591715}.Release|ARM.ActiveCfg = Release|iPhoneSimulator
		{93F6B308-CEEF-40AA-A11A-714BED591715}.Release|ARM.Build.0 = Release|iPhoneSimulator
		{93F6B308-CEEF-40AA-A11A-714BED591715}.Release|ARM64.ActiveCfg = Release|iPhoneSimulator
		{93F6B308-CEEF-40AA-A11A-714BED591715}.Release|ARM64.Build.0 = Release|iPhoneSimulator
		{93F6B308-CEEF-40AA-A11A-714BED591715}.Release|iPhone.ActiveCfg = Release|iPhoneSimulator
		{93F6B308-CEEF-40AA-A11A-714BED591715}.Release|iPhone.Build.0 = Release|iPhoneSimulator
		{93F6B308-CEEF-40AA-A11A-714BED591715}.Release|iPhoneSimulator.ActiveCfg = Release|iPhoneSimulator
		{93F6B308-CEEF-40AA-A11A-714BED591715}.Release|iPhoneSimulator.Build.0 = Release|iPhoneSimulator
		{93F6B308-CEEF-40AA-A11A-714BED591715}.Release|x64.ActiveCfg = Release|iPhoneSimulator
		{93F6B308-CEEF-40AA-A11A-714BED591715}.Release|x64.Build.0 = Release|iPhoneSimulator
		{93F6B308-CEEF-40AA-A11A-714BED591715}.Release|x86.ActiveCfg = Release|iPhoneSimulator
		{93F6B308-CEEF-40AA-A11A-714BED591715}.Release|x86.Build.0 = Release|iPhoneSimulator
		{CD001463-D673-4100-BA50-6D24D6A042E3}.Ad-Hoc|Any CPU.ActiveCfg = Debug|Any CPU
		{CD001463-D673-4100-BA50-6D24D6A042E3}.Ad-Hoc|Any CPU.Build.0 = Debug|Any CPU
		{CD001463-D673-4100-BA50-6D24D6A042E3}.Ad-Hoc|ARM.ActiveCfg = Debug|Any CPU
		{CD001463-D673-4100-BA50-6D24D6A042E3}.Ad-Hoc|ARM.Build.0 = Debug|Any CPU
		{CD001463-D673-4100-BA50-6D24D6A042E3}.Ad-Hoc|ARM64.ActiveCfg = Debug|Any CPU
		{CD001463-D673-4100-BA50-6D24D6A042E3}.Ad-Hoc|ARM64.Build.0 = Debug|Any CPU
		{CD001463-D673-4100-BA50-6D24D6A042E3}.Ad-Hoc|iPhone.ActiveCfg = Debug|Any CPU
		{CD001463-D673-4100-BA50-6D24D6A042E3}.Ad-Hoc|iPhone.Build.0 = Debug|Any CPU
		{CD001463-D673-4100-BA50-6D24D6A042E3}.Ad-Hoc|iPhoneSimulator.ActiveCfg = Debug|Any CPU
		{CD001463-D673-4100-BA50-6D24D6A042E3}.Ad-Hoc|iPhoneSimulator.Build.0 = Debug|Any CPU
		{CD001463-D673-4100-BA50-6D24D6A042E3}.Ad-Hoc|x64.ActiveCfg = Debug|Any CPU
		{CD001463-D673-4100-BA50-6D24D6A042E3}.Ad-Hoc|x64.Build.0 = Debug|Any CPU
		{CD001463-D673-4100-BA50-6D24D6A042E3}.Ad-Hoc|x86.ActiveCfg = Debug|Any CPU
		{CD001463-D673-4100-BA50-6D24D6A042E3}.Ad-Hoc|x86.Build.0 = Debug|Any CPU
		{CD001463-D673-4100-BA50-6D24D6A042E3}.AppStore|Any CPU.ActiveCfg = Debug|Any CPU
		{CD001463-D673-4100-BA50-6D24D6A042E3}.AppStore|Any CPU.Build.0 = Debug|Any CPU
		{CD001463-D673-4100-BA50-6D24D6A042E3}.AppStore|ARM.ActiveCfg = Debug|Any CPU
		{CD001463-D673-4100-BA50-6D24D6A042E3}.AppStore|ARM.Build.0 = Debug|Any CPU
		{CD001463-D673-4100-BA50-6D24D6A042E3}.AppStore|ARM64.ActiveCfg = Debug|Any CPU
		{CD001463-D673-4100-BA50-6D24D6A042E3}.AppStore|ARM64.Build.0 = Debug|Any CPU
		{CD001463-D673-4100-BA50-6D24D6A042E3}.AppStore|iPhone.ActiveCfg = Debug|Any CPU
		{CD001463-D673-4100-BA50-6D24D6A042E3}.AppStore|iPhone.Build.0 = Debug|Any CPU
		{CD001463-D673-4100-BA50-6D24D6A042E3}.AppStore|iPhoneSimulator.ActiveCfg = Debug|Any CPU
		{CD001463-D673-4100-BA50-6D24D6A042E3}.AppStore|iPhoneSimulator.Build.0 = Debug|Any CPU
		{CD001463-D673-4100-BA50-6D24D6A042E3}.AppStore|x64.ActiveCfg = Debug|Any CPU
		{CD001463-D673-4100-BA50-6D24D6A042E3}.AppStore|x64.Build.0 = Debug|Any CPU
		{CD001463-D673-4100-BA50-6D24D6A042E3}.AppStore|x86.ActiveCfg = Debug|Any CPU
		{CD001463-D673-4100-BA50-6D24D6A042E3}.AppStore|x86.Build.0 = Debug|Any CPU
		{CD001463-D673-4100-BA50-6D24D6A042E3}.Debug|Any CPU.ActiveCfg = Debug|Any CPU
		{CD001463-D673-4100-BA50-6D24D6A042E3}.Debug|Any CPU.Build.0 = Debug|Any CPU
		{CD001463-D673-4100-BA50-6D24D6A042E3}.Debug|ARM.ActiveCfg = Debug|Any CPU
		{CD001463-D673-4100-BA50-6D24D6A042E3}.Debug|ARM.Build.0 = Debug|Any CPU
		{CD001463-D673-4100-BA50-6D24D6A042E3}.Debug|ARM64.ActiveCfg = Debug|Any CPU
		{CD001463-D673-4100-BA50-6D24D6A042E3}.Debug|ARM64.Build.0 = Debug|Any CPU
		{CD001463-D673-4100-BA50-6D24D6A042E3}.Debug|iPhone.ActiveCfg = Debug|Any CPU
		{CD001463-D673-4100-BA50-6D24D6A042E3}.Debug|iPhone.Build.0 = Debug|Any CPU
		{CD001463-D673-4100-BA50-6D24D6A042E3}.Debug|iPhoneSimulator.ActiveCfg = Debug|Any CPU
		{CD001463-D673-4100-BA50-6D24D6A042E3}.Debug|iPhoneSimulator.Build.0 = Debug|Any CPU
		{CD001463-D673-4100-BA50-6D24D6A042E3}.Debug|x64.ActiveCfg = Debug|Any CPU
		{CD001463-D673-4100-BA50-6D24D6A042E3}.Debug|x64.Build.0 = Debug|Any CPU
		{CD001463-D673-4100-BA50-6D24D6A042E3}.Debug|x86.ActiveCfg = Debug|Any CPU
		{CD001463-D673-4100-BA50-6D24D6A042E3}.Debug|x86.Build.0 = Debug|Any CPU
		{CD001463-D673-4100-BA50-6D24D6A042E3}.Release|Any CPU.ActiveCfg = Release|Any CPU
		{CD001463-D673-4100-BA50-6D24D6A042E3}.Release|Any CPU.Build.0 = Release|Any CPU
		{CD001463-D673-4100-BA50-6D24D6A042E3}.Release|ARM.ActiveCfg = Release|Any CPU
		{CD001463-D673-4100-BA50-6D24D6A042E3}.Release|ARM.Build.0 = Release|Any CPU
		{CD001463-D673-4100-BA50-6D24D6A042E3}.Release|ARM64.ActiveCfg = Release|Any CPU
		{CD001463-D673-4100-BA50-6D24D6A042E3}.Release|ARM64.Build.0 = Release|Any CPU
		{CD001463-D673-4100-BA50-6D24D6A042E3}.Release|iPhone.ActiveCfg = Release|Any CPU
		{CD001463-D673-4100-BA50-6D24D6A042E3}.Release|iPhone.Build.0 = Release|Any CPU
		{CD001463-D673-4100-BA50-6D24D6A042E3}.Release|iPhoneSimulator.ActiveCfg = Release|Any CPU
		{CD001463-D673-4100-BA50-6D24D6A042E3}.Release|iPhoneSimulator.Build.0 = Release|Any CPU
		{CD001463-D673-4100-BA50-6D24D6A042E3}.Release|x64.ActiveCfg = Release|Any CPU
		{CD001463-D673-4100-BA50-6D24D6A042E3}.Release|x64.Build.0 = Release|Any CPU
		{CD001463-D673-4100-BA50-6D24D6A042E3}.Release|x86.ActiveCfg = Release|Any CPU
		{CD001463-D673-4100-BA50-6D24D6A042E3}.Release|x86.Build.0 = Release|Any CPU
		{91312ECD-E6C2-4A18-BD0D-40BE6C0D794A}.Ad-Hoc|Any CPU.ActiveCfg = Debug|Any CPU
		{91312ECD-E6C2-4A18-BD0D-40BE6C0D794A}.Ad-Hoc|Any CPU.Build.0 = Debug|Any CPU
		{91312ECD-E6C2-4A18-BD0D-40BE6C0D794A}.Ad-Hoc|ARM.ActiveCfg = Debug|Any CPU
		{91312ECD-E6C2-4A18-BD0D-40BE6C0D794A}.Ad-Hoc|ARM.Build.0 = Debug|Any CPU
		{91312ECD-E6C2-4A18-BD0D-40BE6C0D794A}.Ad-Hoc|ARM64.ActiveCfg = Debug|Any CPU
		{91312ECD-E6C2-4A18-BD0D-40BE6C0D794A}.Ad-Hoc|ARM64.Build.0 = Debug|Any CPU
		{91312ECD-E6C2-4A18-BD0D-40BE6C0D794A}.Ad-Hoc|iPhone.ActiveCfg = Debug|Any CPU
		{91312ECD-E6C2-4A18-BD0D-40BE6C0D794A}.Ad-Hoc|iPhone.Build.0 = Debug|Any CPU
		{91312ECD-E6C2-4A18-BD0D-40BE6C0D794A}.Ad-Hoc|iPhoneSimulator.ActiveCfg = Debug|Any CPU
		{91312ECD-E6C2-4A18-BD0D-40BE6C0D794A}.Ad-Hoc|iPhoneSimulator.Build.0 = Debug|Any CPU
		{91312ECD-E6C2-4A18-BD0D-40BE6C0D794A}.Ad-Hoc|x64.ActiveCfg = Debug|Any CPU
		{91312ECD-E6C2-4A18-BD0D-40BE6C0D794A}.Ad-Hoc|x64.Build.0 = Debug|Any CPU
		{91312ECD-E6C2-4A18-BD0D-40BE6C0D794A}.Ad-Hoc|x86.ActiveCfg = Debug|Any CPU
		{91312ECD-E6C2-4A18-BD0D-40BE6C0D794A}.Ad-Hoc|x86.Build.0 = Debug|Any CPU
		{91312ECD-E6C2-4A18-BD0D-40BE6C0D794A}.AppStore|Any CPU.ActiveCfg = Debug|Any CPU
		{91312ECD-E6C2-4A18-BD0D-40BE6C0D794A}.AppStore|Any CPU.Build.0 = Debug|Any CPU
		{91312ECD-E6C2-4A18-BD0D-40BE6C0D794A}.AppStore|ARM.ActiveCfg = Debug|Any CPU
		{91312ECD-E6C2-4A18-BD0D-40BE6C0D794A}.AppStore|ARM.Build.0 = Debug|Any CPU
		{91312ECD-E6C2-4A18-BD0D-40BE6C0D794A}.AppStore|ARM64.ActiveCfg = Debug|Any CPU
		{91312ECD-E6C2-4A18-BD0D-40BE6C0D794A}.AppStore|ARM64.Build.0 = Debug|Any CPU
		{91312ECD-E6C2-4A18-BD0D-40BE6C0D794A}.AppStore|iPhone.ActiveCfg = Debug|Any CPU
		{91312ECD-E6C2-4A18-BD0D-40BE6C0D794A}.AppStore|iPhone.Build.0 = Debug|Any CPU
		{91312ECD-E6C2-4A18-BD0D-40BE6C0D794A}.AppStore|iPhoneSimulator.ActiveCfg = Debug|Any CPU
		{91312ECD-E6C2-4A18-BD0D-40BE6C0D794A}.AppStore|iPhoneSimulator.Build.0 = Debug|Any CPU
		{91312ECD-E6C2-4A18-BD0D-40BE6C0D794A}.AppStore|x64.ActiveCfg = Debug|Any CPU
		{91312ECD-E6C2-4A18-BD0D-40BE6C0D794A}.AppStore|x64.Build.0 = Debug|Any CPU
		{91312ECD-E6C2-4A18-BD0D-40BE6C0D794A}.AppStore|x86.ActiveCfg = Debug|Any CPU
		{91312ECD-E6C2-4A18-BD0D-40BE6C0D794A}.AppStore|x86.Build.0 = Debug|Any CPU
		{91312ECD-E6C2-4A18-BD0D-40BE6C0D794A}.Debug|Any CPU.ActiveCfg = Debug|Any CPU
		{91312ECD-E6C2-4A18-BD0D-40BE6C0D794A}.Debug|Any CPU.Build.0 = Debug|Any CPU
		{91312ECD-E6C2-4A18-BD0D-40BE6C0D794A}.Debug|ARM.ActiveCfg = Debug|Any CPU
		{91312ECD-E6C2-4A18-BD0D-40BE6C0D794A}.Debug|ARM.Build.0 = Debug|Any CPU
		{91312ECD-E6C2-4A18-BD0D-40BE6C0D794A}.Debug|ARM64.ActiveCfg = Debug|Any CPU
		{91312ECD-E6C2-4A18-BD0D-40BE6C0D794A}.Debug|ARM64.Build.0 = Debug|Any CPU
		{91312ECD-E6C2-4A18-BD0D-40BE6C0D794A}.Debug|iPhone.ActiveCfg = Debug|Any CPU
		{91312ECD-E6C2-4A18-BD0D-40BE6C0D794A}.Debug|iPhone.Build.0 = Debug|Any CPU
		{91312ECD-E6C2-4A18-BD0D-40BE6C0D794A}.Debug|iPhoneSimulator.ActiveCfg = Debug|Any CPU
		{91312ECD-E6C2-4A18-BD0D-40BE6C0D794A}.Debug|iPhoneSimulator.Build.0 = Debug|Any CPU
		{91312ECD-E6C2-4A18-BD0D-40BE6C0D794A}.Debug|x64.ActiveCfg = Debug|Any CPU
		{91312ECD-E6C2-4A18-BD0D-40BE6C0D794A}.Debug|x64.Build.0 = Debug|Any CPU
		{91312ECD-E6C2-4A18-BD0D-40BE6C0D794A}.Debug|x86.ActiveCfg = Debug|Any CPU
		{91312ECD-E6C2-4A18-BD0D-40BE6C0D794A}.Debug|x86.Build.0 = Debug|Any CPU
		{91312ECD-E6C2-4A18-BD0D-40BE6C0D794A}.Release|Any CPU.ActiveCfg = Release|Any CPU
		{91312ECD-E6C2-4A18-BD0D-40BE6C0D794A}.Release|Any CPU.Build.0 = Release|Any CPU
		{91312ECD-E6C2-4A18-BD0D-40BE6C0D794A}.Release|ARM.ActiveCfg = Release|Any CPU
		{91312ECD-E6C2-4A18-BD0D-40BE6C0D794A}.Release|ARM.Build.0 = Release|Any CPU
		{91312ECD-E6C2-4A18-BD0D-40BE6C0D794A}.Release|ARM64.ActiveCfg = Release|Any CPU
		{91312ECD-E6C2-4A18-BD0D-40BE6C0D794A}.Release|ARM64.Build.0 = Release|Any CPU
		{91312ECD-E6C2-4A18-BD0D-40BE6C0D794A}.Release|iPhone.ActiveCfg = Release|Any CPU
		{91312ECD-E6C2-4A18-BD0D-40BE6C0D794A}.Release|iPhone.Build.0 = Release|Any CPU
		{91312ECD-E6C2-4A18-BD0D-40BE6C0D794A}.Release|iPhoneSimulator.ActiveCfg = Release|Any CPU
		{91312ECD-E6C2-4A18-BD0D-40BE6C0D794A}.Release|iPhoneSimulator.Build.0 = Release|Any CPU
		{91312ECD-E6C2-4A18-BD0D-40BE6C0D794A}.Release|x64.ActiveCfg = Release|Any CPU
		{91312ECD-E6C2-4A18-BD0D-40BE6C0D794A}.Release|x64.Build.0 = Release|Any CPU
		{91312ECD-E6C2-4A18-BD0D-40BE6C0D794A}.Release|x86.ActiveCfg = Release|Any CPU
		{91312ECD-E6C2-4A18-BD0D-40BE6C0D794A}.Release|x86.Build.0 = Release|Any CPU
		{3D9B4482-A9DC-4D37-9413-35F912177980}.Ad-Hoc|Any CPU.ActiveCfg = Debug|Any CPU
		{3D9B4482-A9DC-4D37-9413-35F912177980}.Ad-Hoc|Any CPU.Build.0 = Debug|Any CPU
		{3D9B4482-A9DC-4D37-9413-35F912177980}.Ad-Hoc|ARM.ActiveCfg = Debug|Any CPU
		{3D9B4482-A9DC-4D37-9413-35F912177980}.Ad-Hoc|ARM.Build.0 = Debug|Any CPU
		{3D9B4482-A9DC-4D37-9413-35F912177980}.Ad-Hoc|ARM64.ActiveCfg = Debug|Any CPU
		{3D9B4482-A9DC-4D37-9413-35F912177980}.Ad-Hoc|ARM64.Build.0 = Debug|Any CPU
		{3D9B4482-A9DC-4D37-9413-35F912177980}.Ad-Hoc|iPhone.ActiveCfg = Debug|Any CPU
		{3D9B4482-A9DC-4D37-9413-35F912177980}.Ad-Hoc|iPhone.Build.0 = Debug|Any CPU
		{3D9B4482-A9DC-4D37-9413-35F912177980}.Ad-Hoc|iPhoneSimulator.ActiveCfg = Debug|Any CPU
		{3D9B4482-A9DC-4D37-9413-35F912177980}.Ad-Hoc|iPhoneSimulator.Build.0 = Debug|Any CPU
		{3D9B4482-A9DC-4D37-9413-35F912177980}.Ad-Hoc|x64.ActiveCfg = Debug|Any CPU
		{3D9B4482-A9DC-4D37-9413-35F912177980}.Ad-Hoc|x64.Build.0 = Debug|Any CPU
		{3D9B4482-A9DC-4D37-9413-35F912177980}.Ad-Hoc|x86.ActiveCfg = Debug|Any CPU
		{3D9B4482-A9DC-4D37-9413-35F912177980}.Ad-Hoc|x86.Build.0 = Debug|Any CPU
		{3D9B4482-A9DC-4D37-9413-35F912177980}.AppStore|Any CPU.ActiveCfg = Debug|Any CPU
		{3D9B4482-A9DC-4D37-9413-35F912177980}.AppStore|Any CPU.Build.0 = Debug|Any CPU
		{3D9B4482-A9DC-4D37-9413-35F912177980}.AppStore|ARM.ActiveCfg = Debug|Any CPU
		{3D9B4482-A9DC-4D37-9413-35F912177980}.AppStore|ARM.Build.0 = Debug|Any CPU
		{3D9B4482-A9DC-4D37-9413-35F912177980}.AppStore|ARM64.ActiveCfg = Debug|Any CPU
		{3D9B4482-A9DC-4D37-9413-35F912177980}.AppStore|ARM64.Build.0 = Debug|Any CPU
		{3D9B4482-A9DC-4D37-9413-35F912177980}.AppStore|iPhone.ActiveCfg = Debug|Any CPU
		{3D9B4482-A9DC-4D37-9413-35F912177980}.AppStore|iPhone.Build.0 = Debug|Any CPU
		{3D9B4482-A9DC-4D37-9413-35F912177980}.AppStore|iPhoneSimulator.ActiveCfg = Debug|Any CPU
		{3D9B4482-A9DC-4D37-9413-35F912177980}.AppStore|iPhoneSimulator.Build.0 = Debug|Any CPU
		{3D9B4482-A9DC-4D37-9413-35F912177980}.AppStore|x64.ActiveCfg = Debug|Any CPU
		{3D9B4482-A9DC-4D37-9413-35F912177980}.AppStore|x64.Build.0 = Debug|Any CPU
		{3D9B4482-A9DC-4D37-9413-35F912177980}.AppStore|x86.ActiveCfg = Debug|Any CPU
		{3D9B4482-A9DC-4D37-9413-35F912177980}.AppStore|x86.Build.0 = Debug|Any CPU
		{3D9B4482-A9DC-4D37-9413-35F912177980}.Debug|Any CPU.ActiveCfg = Debug|Any CPU
		{3D9B4482-A9DC-4D37-9413-35F912177980}.Debug|Any CPU.Build.0 = Debug|Any CPU
		{3D9B4482-A9DC-4D37-9413-35F912177980}.Debug|ARM.ActiveCfg = Debug|Any CPU
		{3D9B4482-A9DC-4D37-9413-35F912177980}.Debug|ARM.Build.0 = Debug|Any CPU
		{3D9B4482-A9DC-4D37-9413-35F912177980}.Debug|ARM64.ActiveCfg = Debug|Any CPU
		{3D9B4482-A9DC-4D37-9413-35F912177980}.Debug|ARM64.Build.0 = Debug|Any CPU
		{3D9B4482-A9DC-4D37-9413-35F912177980}.Debug|iPhone.ActiveCfg = Debug|Any CPU
		{3D9B4482-A9DC-4D37-9413-35F912177980}.Debug|iPhone.Build.0 = Debug|Any CPU
		{3D9B4482-A9DC-4D37-9413-35F912177980}.Debug|iPhoneSimulator.ActiveCfg = Debug|Any CPU
		{3D9B4482-A9DC-4D37-9413-35F912177980}.Debug|iPhoneSimulator.Build.0 = Debug|Any CPU
		{3D9B4482-A9DC-4D37-9413-35F912177980}.Debug|x64.ActiveCfg = Debug|Any CPU
		{3D9B4482-A9DC-4D37-9413-35F912177980}.Debug|x64.Build.0 = Debug|Any CPU
		{3D9B4482-A9DC-4D37-9413-35F912177980}.Debug|x86.ActiveCfg = Debug|Any CPU
		{3D9B4482-A9DC-4D37-9413-35F912177980}.Debug|x86.Build.0 = Debug|Any CPU
		{3D9B4482-A9DC-4D37-9413-35F912177980}.Release|Any CPU.ActiveCfg = Release|Any CPU
		{3D9B4482-A9DC-4D37-9413-35F912177980}.Release|Any CPU.Build.0 = Release|Any CPU
		{3D9B4482-A9DC-4D37-9413-35F912177980}.Release|ARM.ActiveCfg = Release|Any CPU
		{3D9B4482-A9DC-4D37-9413-35F912177980}.Release|ARM.Build.0 = Release|Any CPU
		{3D9B4482-A9DC-4D37-9413-35F912177980}.Release|ARM64.ActiveCfg = Release|Any CPU
		{3D9B4482-A9DC-4D37-9413-35F912177980}.Release|ARM64.Build.0 = Release|Any CPU
		{3D9B4482-A9DC-4D37-9413-35F912177980}.Release|iPhone.ActiveCfg = Release|Any CPU
		{3D9B4482-A9DC-4D37-9413-35F912177980}.Release|iPhone.Build.0 = Release|Any CPU
		{3D9B4482-A9DC-4D37-9413-35F912177980}.Release|iPhoneSimulator.ActiveCfg = Release|Any CPU
		{3D9B4482-A9DC-4D37-9413-35F912177980}.Release|iPhoneSimulator.Build.0 = Release|Any CPU
		{3D9B4482-A9DC-4D37-9413-35F912177980}.Release|x64.ActiveCfg = Release|Any CPU
		{3D9B4482-A9DC-4D37-9413-35F912177980}.Release|x64.Build.0 = Release|Any CPU
		{3D9B4482-A9DC-4D37-9413-35F912177980}.Release|x86.ActiveCfg = Release|Any CPU
		{3D9B4482-A9DC-4D37-9413-35F912177980}.Release|x86.Build.0 = Release|Any CPU
		{41EEE162-337F-4446-8E7A-5F76BE54F667}.Ad-Hoc|Any CPU.ActiveCfg = Debug|Any CPU
		{41EEE162-337F-4446-8E7A-5F76BE54F667}.Ad-Hoc|Any CPU.Build.0 = Debug|Any CPU
		{41EEE162-337F-4446-8E7A-5F76BE54F667}.Ad-Hoc|ARM.ActiveCfg = Debug|Any CPU
		{41EEE162-337F-4446-8E7A-5F76BE54F667}.Ad-Hoc|ARM.Build.0 = Debug|Any CPU
		{41EEE162-337F-4446-8E7A-5F76BE54F667}.Ad-Hoc|ARM64.ActiveCfg = Debug|Any CPU
		{41EEE162-337F-4446-8E7A-5F76BE54F667}.Ad-Hoc|ARM64.Build.0 = Debug|Any CPU
		{41EEE162-337F-4446-8E7A-5F76BE54F667}.Ad-Hoc|iPhone.ActiveCfg = Debug|Any CPU
		{41EEE162-337F-4446-8E7A-5F76BE54F667}.Ad-Hoc|iPhone.Build.0 = Debug|Any CPU
		{41EEE162-337F-4446-8E7A-5F76BE54F667}.Ad-Hoc|iPhoneSimulator.ActiveCfg = Debug|Any CPU
		{41EEE162-337F-4446-8E7A-5F76BE54F667}.Ad-Hoc|iPhoneSimulator.Build.0 = Debug|Any CPU
		{41EEE162-337F-4446-8E7A-5F76BE54F667}.Ad-Hoc|x64.ActiveCfg = Debug|Any CPU
		{41EEE162-337F-4446-8E7A-5F76BE54F667}.Ad-Hoc|x64.Build.0 = Debug|Any CPU
		{41EEE162-337F-4446-8E7A-5F76BE54F667}.Ad-Hoc|x86.ActiveCfg = Debug|Any CPU
		{41EEE162-337F-4446-8E7A-5F76BE54F667}.Ad-Hoc|x86.Build.0 = Debug|Any CPU
		{41EEE162-337F-4446-8E7A-5F76BE54F667}.AppStore|Any CPU.ActiveCfg = Debug|Any CPU
		{41EEE162-337F-4446-8E7A-5F76BE54F667}.AppStore|Any CPU.Build.0 = Debug|Any CPU
		{41EEE162-337F-4446-8E7A-5F76BE54F667}.AppStore|ARM.ActiveCfg = Debug|Any CPU
		{41EEE162-337F-4446-8E7A-5F76BE54F667}.AppStore|ARM.Build.0 = Debug|Any CPU
		{41EEE162-337F-4446-8E7A-5F76BE54F667}.AppStore|ARM64.ActiveCfg = Debug|Any CPU
		{41EEE162-337F-4446-8E7A-5F76BE54F667}.AppStore|ARM64.Build.0 = Debug|Any CPU
		{41EEE162-337F-4446-8E7A-5F76BE54F667}.AppStore|iPhone.ActiveCfg = Debug|Any CPU
		{41EEE162-337F-4446-8E7A-5F76BE54F667}.AppStore|iPhone.Build.0 = Debug|Any CPU
		{41EEE162-337F-4446-8E7A-5F76BE54F667}.AppStore|iPhoneSimulator.ActiveCfg = Debug|Any CPU
		{41EEE162-337F-4446-8E7A-5F76BE54F667}.AppStore|iPhoneSimulator.Build.0 = Debug|Any CPU
		{41EEE162-337F-4446-8E7A-5F76BE54F667}.AppStore|x64.ActiveCfg = Debug|Any CPU
		{41EEE162-337F-4446-8E7A-5F76BE54F667}.AppStore|x64.Build.0 = Debug|Any CPU
		{41EEE162-337F-4446-8E7A-5F76BE54F667}.AppStore|x86.ActiveCfg = Debug|Any CPU
		{41EEE162-337F-4446-8E7A-5F76BE54F667}.AppStore|x86.Build.0 = Debug|Any CPU
		{41EEE162-337F-4446-8E7A-5F76BE54F667}.Debug|Any CPU.ActiveCfg = Debug|Any CPU
		{41EEE162-337F-4446-8E7A-5F76BE54F667}.Debug|Any CPU.Build.0 = Debug|Any CPU
		{41EEE162-337F-4446-8E7A-5F76BE54F667}.Debug|ARM.ActiveCfg = Debug|Any CPU
		{41EEE162-337F-4446-8E7A-5F76BE54F667}.Debug|ARM.Build.0 = Debug|Any CPU
		{41EEE162-337F-4446-8E7A-5F76BE54F667}.Debug|ARM64.ActiveCfg = Debug|Any CPU
		{41EEE162-337F-4446-8E7A-5F76BE54F667}.Debug|ARM64.Build.0 = Debug|Any CPU
		{41EEE162-337F-4446-8E7A-5F76BE54F667}.Debug|iPhone.ActiveCfg = Debug|Any CPU
		{41EEE162-337F-4446-8E7A-5F76BE54F667}.Debug|iPhone.Build.0 = Debug|Any CPU
		{41EEE162-337F-4446-8E7A-5F76BE54F667}.Debug|iPhoneSimulator.ActiveCfg = Debug|Any CPU
		{41EEE162-337F-4446-8E7A-5F76BE54F667}.Debug|iPhoneSimulator.Build.0 = Debug|Any CPU
		{41EEE162-337F-4446-8E7A-5F76BE54F667}.Debug|x64.ActiveCfg = Debug|Any CPU
		{41EEE162-337F-4446-8E7A-5F76BE54F667}.Debug|x64.Build.0 = Debug|Any CPU
		{41EEE162-337F-4446-8E7A-5F76BE54F667}.Debug|x86.ActiveCfg = Debug|Any CPU
		{41EEE162-337F-4446-8E7A-5F76BE54F667}.Debug|x86.Build.0 = Debug|Any CPU
		{41EEE162-337F-4446-8E7A-5F76BE54F667}.Release|Any CPU.ActiveCfg = Release|Any CPU
		{41EEE162-337F-4446-8E7A-5F76BE54F667}.Release|Any CPU.Build.0 = Release|Any CPU
		{41EEE162-337F-4446-8E7A-5F76BE54F667}.Release|ARM.ActiveCfg = Release|Any CPU
		{41EEE162-337F-4446-8E7A-5F76BE54F667}.Release|ARM.Build.0 = Release|Any CPU
		{41EEE162-337F-4446-8E7A-5F76BE54F667}.Release|ARM64.ActiveCfg = Release|Any CPU
		{41EEE162-337F-4446-8E7A-5F76BE54F667}.Release|ARM64.Build.0 = Release|Any CPU
		{41EEE162-337F-4446-8E7A-5F76BE54F667}.Release|iPhone.ActiveCfg = Release|Any CPU
		{41EEE162-337F-4446-8E7A-5F76BE54F667}.Release|iPhone.Build.0 = Release|Any CPU
		{41EEE162-337F-4446-8E7A-5F76BE54F667}.Release|iPhoneSimulator.ActiveCfg = Release|Any CPU
		{41EEE162-337F-4446-8E7A-5F76BE54F667}.Release|iPhoneSimulator.Build.0 = Release|Any CPU
		{41EEE162-337F-4446-8E7A-5F76BE54F667}.Release|x64.ActiveCfg = Release|Any CPU
		{41EEE162-337F-4446-8E7A-5F76BE54F667}.Release|x64.Build.0 = Release|Any CPU
		{41EEE162-337F-4446-8E7A-5F76BE54F667}.Release|x86.ActiveCfg = Release|Any CPU
		{41EEE162-337F-4446-8E7A-5F76BE54F667}.Release|x86.Build.0 = Release|Any CPU
	EndGlobalSection
	GlobalSection(SolutionProperties) = preSolution
		HideSolutionNode = FALSE
	EndGlobalSection
	GlobalSection(NestedProjects) = preSolution
		{275CAA0F-DEE9-48F9-AE5E-E4F274ED744C} = {1138D111-99CE-4DF2-8D65-E7135D9C8CD2}
		{96314979-305B-4643-9DE9-157F1B0C0697} = {1138D111-99CE-4DF2-8D65-E7135D9C8CD2}
		{71AF9BF6-7CDE-4FF5-BF7F-3D3AA267C322} = {1138D111-99CE-4DF2-8D65-E7135D9C8CD2}
		{0941E58C-2CBA-4C14-B29C-3133A66DE761} = {1138D111-99CE-4DF2-8D65-E7135D9C8CD2}
		{93F6B308-CEEF-40AA-A11A-714BED591715} = {1138D111-99CE-4DF2-8D65-E7135D9C8CD2}
		{CD001463-D673-4100-BA50-6D24D6A042E3} = {1138D111-99CE-4DF2-8D65-E7135D9C8CD2}
		{91312ECD-E6C2-4A18-BD0D-40BE6C0D794A} = {1138D111-99CE-4DF2-8D65-E7135D9C8CD2}
		{3D9B4482-A9DC-4D37-9413-35F912177980} = {1138D111-99CE-4DF2-8D65-E7135D9C8CD2}
		{41EEE162-337F-4446-8E7A-5F76BE54F667} = {1138D111-99CE-4DF2-8D65-E7135D9C8CD2}
	EndGlobalSection
	GlobalSection(ExtensibilityGlobals) = postSolution
		SolutionGuid = {4061E886-77F3-41F4-A453-726BAB647524}
	EndGlobalSection
EndGlobal
